
Microsoft Visual Studio Solution File, Format Version 12.00
# Visual Studio Version 17
VisualStudioVersion = 17.9.34723.18
MinimumVisualStudioVersion = 10.0.40219.1
Project("{FAE04EC0-301F-11D3-BF4B-00C04F79EFBC}") = "TextRecognizer", "TextRecognizer\TextRecognizer.csproj", "{C363FD74-DC1C-4C2A-B57A-0C835F95F74C}"
EndProject
Global
	GlobalSection(SolutionConfigurationPlatforms) = preSolution
		Debug|Any CPU = Debug|Any CPU
		Release|Any CPU = Release|Any CPU
	EndGlobalSection
	GlobalSection(ProjectConfigurationPlatforms) = postSolution
		{C363FD74-DC1C-4C2A-B57A-0C835F95F74C}.Debug|Any CPU.ActiveCfg = Debug|Any CPU
		{C363FD74-DC1C-4C2A-B57A-0C835F95F74C}.Debug|Any CPU.Build.0 = Debug|Any CPU
		{C363FD74-DC1C-4C2A-B57A-0C835F95F74C}.Debug|Any CPU.Deploy.0 = Debug|Any CPU
		{C363FD74-DC1C-4C2A-B57A-0C835F95F74C}.Release|Any CPU.ActiveCfg = Release|Any CPU
		{C363FD74-DC1C-4C2A-B57A-0C835F95F74C}.Release|Any CPU.Build.0 = Release|Any CPU
		{C363FD74-DC1C-4C2A-B57A-0C835F95F74C}.Release|Any CPU.Deploy.0 = Release|Any CPU
	EndGlobalSection
	GlobalSection(SolutionProperties) = preSolution
		HideSolutionNode = FALSE
	EndGlobalSection
	GlobalSection(ExtensibilityGlobals) = postSolution
		SolutionGuid = {0E3638F9-4E0B-4F3A-B4A8-EE147C7B9596}
	EndGlobalSection
EndGlobal
